
Microsoft Visual Studio Solution File, Format Version 12.00
# Visual Studio Version 17
VisualStudioVersion = 17.9.34723.18
MinimumVisualStudioVersion = 10.0.40219.1
Project("{FAE04EC0-301F-11D3-BF4B-00C04F79EFBC}") = "MachineOrHuman", "MachineOrHuman.csproj", "{7E19A6FD-432B-4C8B-9BA5-163206752E8B}"
EndProject
Project("{9A19103F-16F7-4668-BE54-9A1E7A4F7556}") = "Robots_ConsoleApp1", "..\Robots_ConsoleApp1\Robots_ConsoleApp1.csproj", "{FEF75EAF-9503-421E-9364-CE30935A59DD}"
EndProject
Global
	GlobalSection(SolutionConfigurationPlatforms) = preSolution
		Debug|Any CPU = Debug|Any CPU
		Release|Any CPU = Release|Any CPU
	EndGlobalSection
	GlobalSection(ProjectConfigurationPlatforms) = postSolution
		{7E19A6FD-432B-4C8B-9BA5-163206752E8B}.Debug|Any CPU.ActiveCfg = Debug|Any CPU
		{7E19A6FD-432B-4C8B-9BA5-163206752E8B}.Debug|Any CPU.Build.0 = Debug|Any CPU
		{7E19A6FD-432B-4C8B-9BA5-163206752E8B}.Release|Any CPU.ActiveCfg = Release|Any CPU
		{7E19A6FD-432B-4C8B-9BA5-163206752E8B}.Release|Any CPU.Build.0 = Release|Any CPU
		{FEF75EAF-9503-421E-9364-CE30935A59DD}.Debug|Any CPU.ActiveCfg = Debug|Any CPU
		{FEF75EAF-9503-421E-9364-CE30935A59DD}.Debug|Any CPU.Build.0 = Debug|Any CPU
		{FEF75EAF-9503-421E-9364-CE30935A59DD}.Release|Any CPU.ActiveCfg = Release|Any CPU
		{FEF75EAF-9503-421E-9364-CE30935A59DD}.Release|Any CPU.Build.0 = Release|Any CPU
	EndGlobalSection
	GlobalSection(SolutionProperties) = preSolution
		HideSolutionNode = FALSE
	EndGlobalSection
	GlobalSection(ExtensibilityGlobals) = postSolution
		SolutionGuid = {6FCD1117-849E-4567-9E10-6B093714A161}
	EndGlobalSection
EndGlobal
